
Microsoft Visual Studio Solution File, Format Version 12.00
# Visual Studio Version 17
VisualStudioVersion = 17.0.31903.59
MinimumVisualStudioVersion = 10.0.40219.1
Project("{FAE04EC0-301F-11D3-BF4B-00C04F79EFBC}") = "certs-server", "certs-server\certs-server.csproj", "{D2EEF74C-FDB3-D819-CB8C-60E52E69F828}"
EndProject
Project("{FAE04EC0-301F-11D3-BF4B-00C04F79EFBC}") = "cli", "cli\cli.csproj", "{3B8DEFA8-06E2-48F8-952D-F046306FB6F8}"
EndProject
Project("{2150E333-8FDC-42A3-9474-1A3956D46DE8}") = "migrations", "migrations", "{02EA681E-C7D8-13C7-8484-4AC65E1B71E8}"
EndProject
Project("{FAE04EC0-301F-11D3-BF4B-00C04F79EFBC}") = "sqlite-migrations", "sqlite-migrations\sqlite-migrations.csproj", "{6BA61B9A-FD9D-4625-9267-CC608B9AF341}"
EndProject
Project("{2150E333-8FDC-42A3-9474-1A3956D46DE8}") = "files", "files", "{909EE455-38F8-478B-B44F-1100D60000FB}"
	ProjectSection(SolutionItems) = preProject
		.gitignore = .gitignore
		Directory.Packages.props = Directory.Packages.props
		nuget.config = nuget.config
	EndProjectSection
EndProject
Project("{2150E333-8FDC-42A3-9474-1A3956D46DE8}") = "tests", "tests", "{0403A38A-DE96-4F2A-A7BD-CE2DF88D9E04}"
EndProject
Project("{FAE04EC0-301F-11D3-BF4B-00C04F79EFBC}") = "acme", "acme\acme.csproj", "{722F64C5-8252-4875-B936-256DA92DEDAC}"
EndProject
Project("{2150E333-8FDC-42A3-9474-1A3956D46DE8}") = "eventbus", "eventbus", "{351B70FB-5EA3-A51B-FFF4-A6EF104154EB}"
EndProject
Project("{FAE04EC0-301F-11D3-BF4B-00C04F79EFBC}") = "Quick.EventBus", "eventbus\Quick.EventBus\Quick.EventBus.csproj", "{084A1876-FB19-4F4E-B140-250828C9927F}"
EndProject
Global
	GlobalSection(SolutionConfigurationPlatforms) = preSolution
		Debug|Any CPU = Debug|Any CPU
		Debug|x64 = Debug|x64
		Debug|x86 = Debug|x86
		Release|Any CPU = Release|Any CPU
		Release|x64 = Release|x64
		Release|x86 = Release|x86
	EndGlobalSection
	GlobalSection(ProjectConfigurationPlatforms) = postSolution
		{D2EEF74C-FDB3-D819-CB8C-60E52E69F828}.Debug|Any CPU.ActiveCfg = Debug|Any CPU
		{D2EEF74C-FDB3-D819-CB8C-60E52E69F828}.Debug|Any CPU.Build.0 = Debug|Any CPU
		{D2EEF74C-FDB3-D819-CB8C-60E52E69F828}.Debug|x64.ActiveCfg = Debug|Any CPU
		{D2EEF74C-FDB3-D819-CB8C-60E52E69F828}.Debug|x64.Build.0 = Debug|Any CPU
		{D2EEF74C-FDB3-D819-CB8C-60E52E69F828}.Debug|x86.ActiveCfg = Debug|Any CPU
		{D2EEF74C-FDB3-D819-CB8C-60E52E69F828}.Debug|x86.Build.0 = Debug|Any CPU
		{D2EEF74C-FDB3-D819-CB8C-60E52E69F828}.Release|Any CPU.ActiveCfg = Release|Any CPU
		{D2EEF74C-FDB3-D819-CB8C-60E52E69F828}.Release|Any CPU.Build.0 = Release|Any CPU
		{D2EEF74C-FDB3-D819-CB8C-60E52E69F828}.Release|x64.ActiveCfg = Release|Any CPU
		{D2EEF74C-FDB3-D819-CB8C-60E52E69F828}.Release|x64.Build.0 = Release|Any CPU
		{D2EEF74C-FDB3-D819-CB8C-60E52E69F828}.Release|x86.ActiveCfg = Release|Any CPU
		{D2EEF74C-FDB3-D819-CB8C-60E52E69F828}.Release|x86.Build.0 = Release|Any CPU
		{3B8DEFA8-06E2-48F8-952D-F046306FB6F8}.Debug|Any CPU.ActiveCfg = Debug|Any CPU
		{3B8DEFA8-06E2-48F8-952D-F046306FB6F8}.Debug|Any CPU.Build.0 = Debug|Any CPU
		{3B8DEFA8-06E2-48F8-952D-F046306FB6F8}.Debug|x64.ActiveCfg = Debug|Any CPU
		{3B8DEFA8-06E2-48F8-952D-F046306FB6F8}.Debug|x64.Build.0 = Debug|Any CPU
		{3B8DEFA8-06E2-48F8-952D-F046306FB6F8}.Debug|x86.ActiveCfg = Debug|Any CPU
		{3B8DEFA8-06E2-48F8-952D-F046306FB6F8}.Debug|x86.Build.0 = Debug|Any CPU
		{3B8DEFA8-06E2-48F8-952D-F046306FB6F8}.Release|Any CPU.ActiveCfg = Release|Any CPU
		{3B8DEFA8-06E2-48F8-952D-F046306FB6F8}.Release|Any CPU.Build.0 = Release|Any CPU
		{3B8DEFA8-06E2-48F8-952D-F046306FB6F8}.Release|x64.ActiveCfg = Release|Any CPU
		{3B8DEFA8-06E2-48F8-952D-F046306FB6F8}.Release|x64.Build.0 = Release|Any CPU
		{3B8DEFA8-06E2-48F8-952D-F046306FB6F8}.Release|x86.ActiveCfg = Release|Any CPU
		{3B8DEFA8-06E2-48F8-952D-F046306FB6F8}.Release|x86.Build.0 = Release|Any CPU
		{6BA61B9A-FD9D-4625-9267-CC608B9AF341}.Debug|Any CPU.ActiveCfg = Debug|Any CPU
		{6BA61B9A-FD9D-4625-9267-CC608B9AF341}.Debug|Any CPU.Build.0 = Debug|Any CPU
		{6BA61B9A-FD9D-4625-9267-CC608B9AF341}.Debug|x64.ActiveCfg = Debug|Any CPU
		{6BA61B9A-FD9D-4625-9267-CC608B9AF341}.Debug|x64.Build.0 = Debug|Any CPU
		{6BA61B9A-FD9D-4625-9267-CC608B9AF341}.Debug|x86.ActiveCfg = Debug|Any CPU
		{6BA61B9A-FD9D-4625-9267-CC608B9AF341}.Debug|x86.Build.0 = Debug|Any CPU
		{6BA61B9A-FD9D-4625-9267-CC608B9AF341}.Release|Any CPU.ActiveCfg = Release|Any CPU
		{6BA61B9A-FD9D-4625-9267-CC608B9AF341}.Release|Any CPU.Build.0 = Release|Any CPU
		{6BA61B9A-FD9D-4625-9267-CC608B9AF341}.Release|x64.ActiveCfg = Release|Any CPU
		{6BA61B9A-FD9D-4625-9267-CC608B9AF341}.Release|x64.Build.0 = Release|Any CPU
		{6BA61B9A-FD9D-4625-9267-CC608B9AF341}.Release|x86.ActiveCfg = Release|Any CPU
		{6BA61B9A-FD9D-4625-9267-CC608B9AF341}.Release|x86.Build.0 = Release|Any CPU
		{722F64C5-8252-4875-B936-256DA92DEDAC}.Debug|Any CPU.ActiveCfg = Debug|Any CPU
		{722F64C5-8252-4875-B936-256DA92DEDAC}.Debug|Any CPU.Build.0 = Debug|Any CPU
		{722F64C5-8252-4875-B936-256DA92DEDAC}.Debug|x64.ActiveCfg = Debug|Any CPU
		{722F64C5-8252-4875-B936-256DA92DEDAC}.Debug|x64.Build.0 = Debug|Any CPU
		{722F64C5-8252-4875-B936-256DA92DEDAC}.Debug|x86.ActiveCfg = Debug|Any CPU
		{722F64C5-8252-4875-B936-256DA92DEDAC}.Debug|x86.Build.0 = Debug|Any CPU
		{722F64C5-8252-4875-B936-256DA92DEDAC}.Release|Any CPU.ActiveCfg = Release|Any CPU
		{722F64C5-8252-4875-B936-256DA92DEDAC}.Release|Any CPU.Build.0 = Release|Any CPU
		{722F64C5-8252-4875-B936-256DA92DEDAC}.Release|x64.ActiveCfg = Release|Any CPU
		{722F64C5-8252-4875-B936-256DA92DEDAC}.Release|x64.Build.0 = Release|Any CPU
		{722F64C5-8252-4875-B936-256DA92DEDAC}.Release|x86.ActiveCfg = Release|Any CPU
		{722F64C5-8252-4875-B936-256DA92DEDAC}.Release|x86.Build.0 = Release|Any CPU
		{084A1876-FB19-4F4E-B140-250828C9927F}.Debug|Any CPU.ActiveCfg = Debug|Any CPU
		{084A1876-FB19-4F4E-B140-250828C9927F}.Debug|Any CPU.Build.0 = Debug|Any CPU
		{084A1876-FB19-4F4E-B140-250828C9927F}.Debug|x64.ActiveCfg = Debug|Any CPU
		{084A1876-FB19-4F4E-B140-250828C9927F}.Debug|x64.Build.0 = Debug|Any CPU
		{084A1876-FB19-4F4E-B140-250828C9927F}.Debug|x86.ActiveCfg = Debug|Any CPU
		{084A1876-FB19-4F4E-B140-250828C9927F}.Debug|x86.Build.0 = Debug|Any CPU
		{084A1876-FB19-4F4E-B140-250828C9927F}.Release|Any CPU.ActiveCfg = Release|Any CPU
		{084A1876-FB19-4F4E-B140-250828C9927F}.Release|Any CPU.Build.0 = Release|Any CPU
		{084A1876-FB19-4F4E-B140-250828C9927F}.Release|x64.ActiveCfg = Release|Any CPU
		{084A1876-FB19-4F4E-B140-250828C9927F}.Release|x64.Build.0 = Release|Any CPU
		{084A1876-FB19-4F4E-B140-250828C9927F}.Release|x86.ActiveCfg = Release|Any CPU
		{084A1876-FB19-4F4E-B140-250828C9927F}.Release|x86.Build.0 = Release|Any CPU
	EndGlobalSection
	GlobalSection(SolutionProperties) = preSolution
		HideSolutionNode = FALSE
	EndGlobalSection
	GlobalSection(NestedProjects) = preSolution
		{6BA61B9A-FD9D-4625-9267-CC608B9AF341} = {02EA681E-C7D8-13C7-8484-4AC65E1B71E8}
		{084A1876-FB19-4F4E-B140-250828C9927F} = {351B70FB-5EA3-A51B-FFF4-A6EF104154EB}
	EndGlobalSection
	GlobalSection(ExtensibilityGlobals) = postSolution
		SolutionGuid = {F136B7F5-B8B6-4141-81E3-117614AD6E96}
	EndGlobalSection
EndGlobal
